
Microsoft Visual Studio Solution File, Format Version 12.00
# Visual Studio Version 17
VisualStudioVersion = 17.5.002.0
MinimumVisualStudioVersion = 10.0.40219.1
Project("{9A19103F-16F7-4668-BE54-9A1E7A4F7556}") = "capstone-100", "capstone-100.csproj", "{F7ABE1BA-9F79-435B-925F-599EA5B8DACD}"
EndProject
Global
	GlobalSection(SolutionConfigurationPlatforms) = preSolution
		Debug|Any CPU = Debug|Any CPU
		Release|Any CPU = Release|Any CPU
	EndGlobalSection
	GlobalSection(ProjectConfigurationPlatforms) = postSolution
		{F7ABE1BA-9F79-435B-925F-599EA5B8DACD}.Debug|Any CPU.ActiveCfg = Debug|Any CPU
		{F7ABE1BA-9F79-435B-925F-599EA5B8DACD}.Debug|Any CPU.Build.0 = Debug|Any CPU
		{F7ABE1BA-9F79-435B-925F-599EA5B8DACD}.Release|Any CPU.ActiveCfg = Release|Any CPU
		{F7ABE1BA-9F79-435B-925F-599EA5B8DACD}.Release|Any CPU.Build.0 = Release|Any CPU
	EndGlobalSection
	GlobalSection(SolutionProperties) = preSolution
		HideSolutionNode = FALSE
	EndGlobalSection
	GlobalSection(ExtensibilityGlobals) = postSolution
		SolutionGuid = {328DC334-0DD1-455F-B1A7-3F85164AF3AA}
	EndGlobalSection
EndGlobal
